
Microsoft Visual Studio Solution File, Format Version 12.00
# Visual Studio Version 17
VisualStudioVersion = 17.9.34714.143
MinimumVisualStudioVersion = 10.0.40219.1
Project("{FAE04EC0-301F-11D3-BF4B-00C04F79EFBC}") = "NotepadDesktop", "NotepadDesktop.csproj", "{AECACC05-6035-49A1-83E3-6EB9A71A2897}"
EndProject
Global
	GlobalSection(SolutionConfigurationPlatforms) = preSolution
		Debug|Any CPU = Debug|Any CPU
		Release|Any CPU = Release|Any CPU
	EndGlobalSection
	GlobalSection(ProjectConfigurationPlatforms) = postSolution
		{AECACC05-6035-49A1-83E3-6EB9A71A2897}.Debug|Any CPU.ActiveCfg = Debug|Any CPU
		{AECACC05-6035-49A1-83E3-6EB9A71A2897}.Debug|Any CPU.Build.0 = Debug|Any CPU
		{AECACC05-6035-49A1-83E3-6EB9A71A2897}.Release|Any CPU.ActiveCfg = Release|Any CPU
		{AECACC05-6035-49A1-83E3-6EB9A71A2897}.Release|Any CPU.Build.0 = Release|Any CPU
	EndGlobalSection
	GlobalSection(SolutionProperties) = preSolution
		HideSolutionNode = FALSE
	EndGlobalSection
	GlobalSection(ExtensibilityGlobals) = postSolution
		SolutionGuid = {5994C373-647A-493B-84F1-316522D4DCF8}
	EndGlobalSection
EndGlobal
